
Microsoft Visual Studio Solution File, Format Version 12.00
# Visual Studio Version 16
VisualStudioVersion = 16.0.31729.503
MinimumVisualStudioVersion = 10.0.40219.1
Project("{9A19103F-16F7-4668-BE54-9A1E7A4F7556}") = "wpf", "wpf.csproj", "{0F3BFFC4-3DF0-4E44-A24A-6E709CE0E5C4}"
EndProject
Project("{9A19103F-16F7-4668-BE54-9A1E7A4F7556}") = "AssemblyBrowserLib", "..\AssemblyBrowserLib\AssemblyBrowserLib.csproj", "{036AFCC1-39F3-417F-BFAD-82EB0EA61DD9}"
EndProject
Global
	GlobalSection(SolutionConfigurationPlatforms) = preSolution
		Debug|Any CPU = Debug|Any CPU
		Release|Any CPU = Release|Any CPU
	EndGlobalSection
	GlobalSection(ProjectConfigurationPlatforms) = postSolution
		{0F3BFFC4-3DF0-4E44-A24A-6E709CE0E5C4}.Debug|Any CPU.ActiveCfg = Debug|Any CPU
		{0F3BFFC4-3DF0-4E44-A24A-6E709CE0E5C4}.Debug|Any CPU.Build.0 = Debug|Any CPU
		{0F3BFFC4-3DF0-4E44-A24A-6E709CE0E5C4}.Release|Any CPU.ActiveCfg = Release|Any CPU
		{0F3BFFC4-3DF0-4E44-A24A-6E709CE0E5C4}.Release|Any CPU.Build.0 = Release|Any CPU
		{036AFCC1-39F3-417F-BFAD-82EB0EA61DD9}.Debug|Any CPU.ActiveCfg = Debug|Any CPU
		{036AFCC1-39F3-417F-BFAD-82EB0EA61DD9}.Debug|Any CPU.Build.0 = Debug|Any CPU
		{036AFCC1-39F3-417F-BFAD-82EB0EA61DD9}.Release|Any CPU.ActiveCfg = Release|Any CPU
		{036AFCC1-39F3-417F-BFAD-82EB0EA61DD9}.Release|Any CPU.Build.0 = Release|Any CPU
	EndGlobalSection
	GlobalSection(SolutionProperties) = preSolution
		HideSolutionNode = FALSE
	EndGlobalSection
	GlobalSection(ExtensibilityGlobals) = postSolution
		SolutionGuid = {3C46880B-849B-460C-A612-B5474E7809C9}
	EndGlobalSection
EndGlobal
